<?xml version="1.0" encoding="utf-8"?>
<Project ToolsVersion="4.0" xmlns="http://schemas.microsoft.com/developer/msbuild/2003">
  <ItemGroup>
    <ClInclude Include="GameEngine.h" />
    <ClInclude Include="GameEngineImage.h">
      <Filter>Resources</Filter>
    </ClInclude>
    <ClInclude Include="GameEngineImageManager.h">
      <Filter>Resources\Manager</Filter>
    </ClInclude>
    <ClInclude Include="GameEngineEnum.h">
      <Filter>Global</Filter>
    </ClInclude>
    <ClInclude Include="GameEngineLevel.h">
      <Filter>Object</Filter>
    </ClInclude>
    <ClInclude Include="GameEngineActorSubObject.h">
      <Filter>Actor\SubObject</Filter>
    </ClInclude>
    <ClInclude Include="GameEngineRenderer.h">
      <Filter>Actor\SubObject</Filter>
    </ClInclude>
    <ClInclude Include="GameEngineActor.h">
      <Filter>Actor</Filter>
    </ClInclude>
    <ClInclude Include="GameEngineCollision.h">
      <Filter>Actor\SubObject</Filter>
    </ClInclude>
    <ClInclude Include="GameEngineFolderImage.h">
      <Filter>Resources</Filter>
    </ClInclude>
  </ItemGroup>
  <ItemGroup>
    <ClCompile Include="GameEngine.cpp" />
    <ClCompile Include="GameEngineLevel.cpp">
      <Filter>Object</Filter>
    </ClCompile>
    <ClCompile Include="GameEngineImage.cpp">
      <Filter>Resources</Filter>
    </ClCompile>
    <ClCompile Include="GameEngineImageManager.cpp">
      <Filter>Resources\Manager</Filter>
    </ClCompile>
    <ClCompile Include="GameEngineActorSubObject.cpp">
      <Filter>Actor\SubObject</Filter>
    </ClCompile>
    <ClCompile Include="GameEngineRenderer.cpp">
      <Filter>Actor\SubObject</Filter>
    </ClCompile>
    <ClCompile Include="GameEngineActor.cpp">
      <Filter>Actor</Filter>
    </ClCompile>
    <ClCompile Include="GameEngineCollision.cpp">
      <Filter>Actor\SubObject</Filter>
    </ClCompile>
    <ClCompile Include="GameEngineFolderImage.cpp">
      <Filter>Resources</Filter>
    </ClCompile>
  </ItemGroup>
  <ItemGroup>
    <Filter Include="Object">
      <UniqueIdentifier>{8ee1418c-d221-4bbc-8ca3-c0fcef2ffea5}</UniqueIdentifier>
    </Filter>
    <Filter Include="Actor">
      <UniqueIdentifier>{e7ded7c8-3420-4999-b6d6-cb9be68faebd}</UniqueIdentifier>
    </Filter>
    <Filter Include="Resources">
      <UniqueIdentifier>{3d29b853-c8bd-44e5-84bc-040f75b27f57}</UniqueIdentifier>
    </Filter>
    <Filter Include="Resources\Manager">
      <UniqueIdentifier>{54a840fe-8b34-4da3-9905-90366087d115}</UniqueIdentifier>
    </Filter>
    <Filter Include="Actor\SubObject">
      <UniqueIdentifier>{82f30862-1e77-4baa-8542-093178f93a9f}</UniqueIdentifier>
    </Filter>
    <Filter Include="Global">
      <UniqueIdentifier>{58ae22c9-7403-4360-8ac7-dfbc5db04cbc}</UniqueIdentifier>
    </Filter>
  </ItemGroup>
</Project>