<?xml version="1.0" encoding="utf-8"?>
<Project ToolsVersion="4.0" xmlns="http://schemas.microsoft.com/developer/msbuild/2003">
  <ItemGroup>
    <ClCompile Include="TitleLevel.cpp">
      <Filter>Level</Filter>
    </ClCompile>
    <ClCompile Include="EndingLevel.cpp">
      <Filter>Level</Filter>
    </ClCompile>
    <ClCompile Include="Player.cpp">
      <Filter>Play</Filter>
    </ClCompile>
    <ClCompile Include="EndingCredit.cpp">
      <Filter>Ending</Filter>
    </ClCompile>
    <ClCompile Include="Monster.cpp">
      <Filter>Play</Filter>
    </ClCompile>
    <ClCompile Include="UI.cpp">
      <Filter>Play</Filter>
    </ClCompile>
    <ClCompile Include="Bullet.cpp">
      <Filter>Play</Filter>
    </ClCompile>
    <ClCompile Include="IntroLevel.cpp">
      <Filter>Level</Filter>
    </ClCompile>
    <ClCompile Include="Intro.cpp">
      <Filter>Intro</Filter>
    </ClCompile>
    <ClCompile Include="PlayLevel.cpp">
      <Filter>Level\Stage</Filter>
    </ClCompile>
    <ClCompile Include="PlayLevel2.cpp">
      <Filter>Level\Stage</Filter>
    </ClCompile>
    <ClCompile Include="PlayLevel3.cpp">
      <Filter>Level\Stage</Filter>
    </ClCompile>
    <ClCompile Include="BackGround.cpp">
      <Filter>Level\Global</Filter>
    </ClCompile>
    <ClCompile Include="TitleBackGround.cpp">
      <Filter>Title</Filter>
    </ClCompile>
    <ClCompile Include="SuperMario.cpp" />
    <ClCompile Include="BonusLevel.cpp">
      <Filter>Level\Stage\Bonus</Filter>
    </ClCompile>
  </ItemGroup>
  <ItemGroup>
    <ClInclude Include="TitleLevel.h">
      <Filter>Level</Filter>
    </ClInclude>
    <ClInclude Include="EndingLevel.h">
      <Filter>Level</Filter>
    </ClInclude>
    <ClInclude Include="Player.h">
      <Filter>Play</Filter>
    </ClInclude>
    <ClInclude Include="EndingCredit.h">
      <Filter>Ending</Filter>
    </ClInclude>
    <ClInclude Include="Monster.h">
      <Filter>Play</Filter>
    </ClInclude>
    <ClInclude Include="UI.h">
      <Filter>Play</Filter>
    </ClInclude>
    <ClInclude Include="Bullet.h">
      <Filter>Play</Filter>
    </ClInclude>
    <ClInclude Include="IntroLevel.h">
      <Filter>Level</Filter>
    </ClInclude>
    <ClInclude Include="Intro.h">
      <Filter>Intro</Filter>
    </ClInclude>
    <ClInclude Include="PlayLevel.h">
      <Filter>Level\Stage</Filter>
    </ClInclude>
    <ClInclude Include="PlayLevel2.h">
      <Filter>Level\Stage</Filter>
    </ClInclude>
    <ClInclude Include="PlayLevel3.h">
      <Filter>Level\Stage</Filter>
    </ClInclude>
    <ClInclude Include="BackGround.h">
      <Filter>Level\Global</Filter>
    </ClInclude>
    <ClInclude Include="ContentsEnum.h" />
    <ClInclude Include="TitleBackGround.h">
      <Filter>Title</Filter>
    </ClInclude>
    <ClInclude Include="SuperMario.h" />
    <ClInclude Include="BonusLevel.h">
      <Filter>Level\Stage\Bonus</Filter>
    </ClInclude>
  </ItemGroup>
  <ItemGroup>
    <Filter Include="Level">
      <UniqueIdentifier>{91a1c8ee-4e6d-4ba7-81c9-9bd04d53a003}</UniqueIdentifier>
    </Filter>
    <Filter Include="Title">
      <UniqueIdentifier>{c33abe17-043f-4d33-8bdf-66ce9a7f3516}</UniqueIdentifier>
    </Filter>
    <Filter Include="Play">
      <UniqueIdentifier>{8c4edb96-381e-4274-9a23-c167ccc4b237}</UniqueIdentifier>
    </Filter>
    <Filter Include="Ending">
      <UniqueIdentifier>{563b70bc-7a9d-4a63-9efe-df60a91fb783}</UniqueIdentifier>
    </Filter>
    <Filter Include="Intro">
      <UniqueIdentifier>{b8bb06b4-656b-4885-8017-b549b9567e0b}</UniqueIdentifier>
    </Filter>
    <Filter Include="Level\Stage">
      <UniqueIdentifier>{01846678-2ced-454d-acca-7ccfe32b21f1}</UniqueIdentifier>
    </Filter>
    <Filter Include="Level\Global">
      <UniqueIdentifier>{56164916-61b7-4400-aea3-24f58f433e78}</UniqueIdentifier>
    </Filter>
    <Filter Include="Level\Stage\Bonus">
      <UniqueIdentifier>{c35e4778-84e7-4183-887c-5a5cd35cd740}</UniqueIdentifier>
    </Filter>
  </ItemGroup>
</Project>