<?xml version="1.0" encoding="utf-8"?>
<Project ToolsVersion="4.0" xmlns="http://schemas.microsoft.com/developer/msbuild/2003">
  <ItemGroup>
    <ClCompile Include="SuperMario.cpp" />
    <ClCompile Include="TitleLevel.cpp">
      <Filter>Level</Filter>
    </ClCompile>
    <ClCompile Include="PlayLevel.cpp">
      <Filter>Level</Filter>
    </ClCompile>
    <ClCompile Include="EndingLevel.cpp">
      <Filter>Level</Filter>
    </ClCompile>
    <ClCompile Include="TitleLogo.cpp">
      <Filter>Title</Filter>
    </ClCompile>
    <ClCompile Include="Player.cpp">
      <Filter>Play</Filter>
    </ClCompile>
    <ClCompile Include="EndingCredit.cpp">
      <Filter>Ending</Filter>
    </ClCompile>
    <ClCompile Include="Monster.cpp">
      <Filter>Play</Filter>
    </ClCompile>
    <ClCompile Include="..\..\..\AR40Teacher\AR40\AR40\AR40\API\GameEngineContents\TitleBackGround.cpp">
      <Filter>Title</Filter>
    </ClCompile>
    <ClCompile Include="UI.cpp">
      <Filter>Play</Filter>
    </ClCompile>
  </ItemGroup>
  <ItemGroup>
    <ClInclude Include="SuperMario.h" />
    <ClInclude Include="TitleLevel.h">
      <Filter>Level</Filter>
    </ClInclude>
    <ClInclude Include="PlayLevel.h">
      <Filter>Level</Filter>
    </ClInclude>
    <ClInclude Include="EndingLevel.h">
      <Filter>Level</Filter>
    </ClInclude>
    <ClInclude Include="TitleLogo.h">
      <Filter>Title</Filter>
    </ClInclude>
    <ClInclude Include="Player.h">
      <Filter>Play</Filter>
    </ClInclude>
    <ClInclude Include="EndingCredit.h">
      <Filter>Ending</Filter>
    </ClInclude>
    <ClInclude Include="Monster.h">
      <Filter>Play</Filter>
    </ClInclude>
    <ClInclude Include="..\..\..\AR40Teacher\AR40\AR40\AR40\API\GameEngineContents\TitleBackGround.h">
      <Filter>Title</Filter>
    </ClInclude>
    <ClInclude Include="UI.h">
      <Filter>Play</Filter>
    </ClInclude>
  </ItemGroup>
  <ItemGroup>
    <Filter Include="Level">
      <UniqueIdentifier>{91a1c8ee-4e6d-4ba7-81c9-9bd04d53a003}</UniqueIdentifier>
    </Filter>
    <Filter Include="Title">
      <UniqueIdentifier>{c33abe17-043f-4d33-8bdf-66ce9a7f3516}</UniqueIdentifier>
    </Filter>
    <Filter Include="Play">
      <UniqueIdentifier>{8c4edb96-381e-4274-9a23-c167ccc4b237}</UniqueIdentifier>
    </Filter>
    <Filter Include="Ending">
      <UniqueIdentifier>{563b70bc-7a9d-4a63-9efe-df60a91fb783}</UniqueIdentifier>
    </Filter>
  </ItemGroup>
</Project>